# THIS IS AN AUTOGENERATED FILE. DO NOT EDIT THIS FILE DIRECTLY.
# yarn lockfile v1


ajv-keywords@^2.1.0:
  version "2.1.1"
  resolved "http://registry.npm.taobao.org/ajv-keywords/download/ajv-keywords-2.1.1.tgz#617997fc5f60576894c435f940d819e135b80762"

ajv@^5.0.0:
  version "5.5.2"
  resolved "http://registry.npm.taobao.org/ajv/download/ajv-5.5.2.tgz#73b5eeca3fab653e3d3f9422b341ad42205dc965"
  dependencies:
    co "^4.6.0"
    fast-deep-equal "^1.0.0"
    fast-json-stable-stringify "^2.0.0"
    json-schema-traverse "^0.3.0"

alphanum-sort@^1.0.1, alphanum-sort@^1.0.2:
  version "1.0.2"
  resolved "http://registry.npm.taobao.org/alphanum-sort/download/alphanum-sort-1.0.2.tgz#97a1119649b211ad33691d9f9f486a8ec9fbe0a3"

ansi-regex@^2.0.0:
  version "2.1.1"
  resolved "http://registry.npm.taobao.org/ansi-regex/download/ansi-regex-2.1.1.tgz#c3b33ab5ee360d86e0e628f0468ae7ef27d654df"

ansi-styles@^2.2.1:
  version "2.2.1"
  resolved "http://registry.npm.taobao.org/ansi-styles/download/ansi-styles-2.2.1.tgz#b432dd3358b634cf75e1e4664368240533c1ddbe"

ansi-styles@^3.1.0:
  version "3.2.0"
  resolved "http://registry.npm.taobao.org/ansi-styles/download/ansi-styles-3.2.0.tgz#c159b8d5be0f9e5a6f346dab94f16ce022161b88"
  dependencies:
    color-convert "^1.9.0"

argparse@^1.0.7:
  version "1.0.9"
  resolved "http://registry.npm.taobao.org/argparse/download/argparse-1.0.9.tgz#73d83bc263f86e97f8cc4f6bae1b0e90a7d22c86"
  dependencies:
    sprintf-js "~1.0.2"

autoprefixer@^6.3.1:
  version "6.7.7"
  resolved "http://registry.npm.taobao.org/autoprefixer/download/autoprefixer-6.7.7.tgz#1dbd1c835658e35ce3f9984099db00585c782014"
  dependencies:
    browserslist "^1.7.6"
    caniuse-db "^1.0.30000634"
    normalize-range "^0.1.2"
    num2fraction "^1.2.2"
    postcss "^5.2.16"
    postcss-value-parser "^3.2.3"

babel-code-frame@^6.26.0:
  version "6.26.0"
  resolved "http://registry.npm.taobao.org/babel-code-frame/download/babel-code-frame-6.26.0.tgz#63fd43f7dc1e3bb7ce35947db8fe369a3f58c74b"
  dependencies:
    chalk "^1.1.3"
    esutils "^2.0.2"
    js-tokens "^3.0.2"

babel-core@^6.26.0:
  version "6.26.0"
  resolved "http://registry.npm.taobao.org/babel-core/download/babel-core-6.26.0.tgz#af32f78b31a6fcef119c87b0fd8d9753f03a0bb8"
  dependencies:
    babel-code-frame "^6.26.0"
    babel-generator "^6.26.0"
    babel-helpers "^6.24.1"
    babel-messages "^6.23.0"
    babel-register "^6.26.0"
    babel-runtime "^6.26.0"
    babel-template "^6.26.0"
    babel-traverse "^6.26.0"
    babel-types "^6.26.0"
    babylon "^6.18.0"
    convert-source-map "^1.5.0"
    debug "^2.6.8"
    json5 "^0.5.1"
    lodash "^4.17.4"
    minimatch "^3.0.4"
    path-is-absolute "^1.0.1"
    private "^0.1.7"
    slash "^1.0.0"
    source-map "^0.5.6"

babel-generator@^6.26.0:
  version "6.26.0"
  resolved "http://registry.npm.taobao.org/babel-generator/download/babel-generator-6.26.0.tgz#ac1ae20070b79f6e3ca1d3269613053774f20dc5"
  dependencies:
    babel-messages "^6.23.0"
    babel-runtime "^6.26.0"
    babel-types "^6.26.0"
    detect-indent "^4.0.0"
    jsesc "^1.3.0"
    lodash "^4.17.4"
    source-map "^0.5.6"
    trim-right "^1.0.1"

babel-helper-function-name@^6.24.1:
  version "6.24.1"
  resolved "http://registry.npm.taobao.org/babel-helper-function-name/download/babel-helper-function-name-6.24.1.tgz#d3475b8c03ed98242a25b48351ab18399d3580a9"
  dependencies:
    babel-helper-get-function-arity "^6.24.1"
    babel-runtime "^6.22.0"
    babel-template "^6.24.1"
    babel-traverse "^6.24.1"
    babel-types "^6.24.1"

babel-helper-get-function-arity@^6.24.1:
  version "6.24.1"
  resolved "http://registry.npm.taobao.org/babel-helper-get-function-arity/download/babel-helper-get-function-arity-6.24.1.tgz#8f7782aa93407c41d3aa50908f89b031b1b6853d"
  dependencies:
    babel-runtime "^6.22.0"
    babel-types "^6.24.1"

babel-helper-remap-async-to-generator@^6.24.1:
  version "6.24.1"
  resolved "http://registry.npm.taobao.org/babel-helper-remap-async-to-generator/download/babel-helper-remap-async-to-generator-6.24.1.tgz#5ec581827ad723fecdd381f1c928390676e4551b"
  dependencies:
    babel-helper-function-name "^6.24.1"
    babel-runtime "^6.22.0"
    babel-template "^6.24.1"
    babel-traverse "^6.24.1"
    babel-types "^6.24.1"

babel-helpers@^6.24.1:
  version "6.24.1"
  resolved "http://registry.npm.taobao.org/babel-helpers/download/babel-helpers-6.24.1.tgz#3471de9caec388e5c850e597e58a26ddf37602b2"
  dependencies:
    babel-runtime "^6.22.0"
    babel-template "^6.24.1"

babel-loader@^7.1.2:
  version "7.1.2"
  resolved "http://registry.npm.taobao.org/babel-loader/download/babel-loader-7.1.2.tgz#f6cbe122710f1aa2af4d881c6d5b54358ca24126"
  dependencies:
    find-cache-dir "^1.0.0"
    loader-utils "^1.0.2"
    mkdirp "^0.5.1"

babel-messages@^6.23.0:
  version "6.23.0"
  resolved "http://registry.npm.taobao.org/babel-messages/download/babel-messages-6.23.0.tgz#f3cdf4703858035b2a2951c6ec5edf6c62f2630e"
  dependencies:
    babel-runtime "^6.22.0"

babel-plugin-syntax-async-functions@^6.8.0:
  version "6.13.0"
  resolved "http://registry.npm.taobao.org/babel-plugin-syntax-async-functions/download/babel-plugin-syntax-async-functions-6.13.0.tgz#cad9cad1191b5ad634bf30ae0872391e0647be95"

babel-plugin-syntax-trailing-function-commas@^6.22.0:
  version "6.22.0"
  resolved "http://registry.npm.taobao.org/babel-plugin-syntax-trailing-function-commas/download/babel-plugin-syntax-trailing-function-commas-6.22.0.tgz#ba0360937f8d06e40180a43fe0d5616fff532cf3"

babel-plugin-transform-async-to-generator@^6.24.1:
  version "6.24.1"
  resolved "http://registry.npm.taobao.org/babel-plugin-transform-async-to-generator/download/babel-plugin-transform-async-to-generator-6.24.1.tgz#6536e378aff6cb1d5517ac0e40eb3e9fc8d08761"
  dependencies:
    babel-helper-remap-async-to-generator "^6.24.1"
    babel-plugin-syntax-async-functions "^6.8.0"
    babel-runtime "^6.22.0"

babel-preset-es2017@^6.24.1:
  version "6.24.1"
  resolved "http://registry.npm.taobao.org/babel-preset-es2017/download/babel-preset-es2017-6.24.1.tgz#597beadfb9f7f208bcfd8a12e9b2b29b8b2f14d1"
  dependencies:
    babel-plugin-syntax-trailing-function-commas "^6.22.0"
    babel-plugin-transform-async-to-generator "^6.24.1"

babel-register@^6.26.0:
  version "6.26.0"
  resolved "http://registry.npm.taobao.org/babel-register/download/babel-register-6.26.0.tgz#6ed021173e2fcb486d7acb45c6009a856f647071"
  dependencies:
    babel-core "^6.26.0"
    babel-runtime "^6.26.0"
    core-js "^2.5.0"
    home-or-tmp "^2.0.0"
    lodash "^4.17.4"
    mkdirp "^0.5.1"
    source-map-support "^0.4.15"

babel-runtime@^6.22.0, babel-runtime@^6.26.0:
  version "6.26.0"
  resolved "http://registry.npm.taobao.org/babel-runtime/download/babel-runtime-6.26.0.tgz#965c7058668e82b55d7bfe04ff2337bc8b5647fe"
  dependencies:
    core-js "^2.4.0"
    regenerator-runtime "^0.11.0"

babel-template@^6.24.1, babel-template@^6.26.0:
  version "6.26.0"
  resolved "http://registry.npm.taobao.org/babel-template/download/babel-template-6.26.0.tgz#de03e2d16396b069f46dd9fff8521fb1a0e35e02"
  dependencies:
    babel-runtime "^6.26.0"
    babel-traverse "^6.26.0"
    babel-types "^6.26.0"
    babylon "^6.18.0"
    lodash "^4.17.4"

babel-traverse@^6.24.1, babel-traverse@^6.26.0:
  version "6.26.0"
  resolved "http://registry.npm.taobao.org/babel-traverse/download/babel-traverse-6.26.0.tgz#46a9cbd7edcc62c8e5c064e2d2d8d0f4035766ee"
  dependencies:
    babel-code-frame "^6.26.0"
    babel-messages "^6.23.0"
    babel-runtime "^6.26.0"
    babel-types "^6.26.0"
    babylon "^6.18.0"
    debug "^2.6.8"
    globals "^9.18.0"
    invariant "^2.2.2"
    lodash "^4.17.4"

babel-types@^6.24.1, babel-types@^6.26.0:
  version "6.26.0"
  resolved "http://registry.npm.taobao.org/babel-types/download/babel-types-6.26.0.tgz#a3b073f94ab49eb6fa55cd65227a334380632497"
  dependencies:
    babel-runtime "^6.26.0"
    esutils "^2.0.2"
    lodash "^4.17.4"
    to-fast-properties "^1.0.3"

babylon@^6.18.0:
  version "6.18.0"
  resolved "http://registry.npm.taobao.org/babylon/download/babylon-6.18.0.tgz#af2f3b88fa6f5c1e4c634d1a0f8eac4f55b395e3"

balanced-match@^0.4.2:
  version "0.4.2"
  resolved "http://registry.npm.taobao.org/balanced-match/download/balanced-match-0.4.2.tgz#cb3f3e3c732dc0f01ee70b403f302e61d7709838"

balanced-match@^1.0.0:
  version "1.0.0"
  resolved "http://registry.npm.taobao.org/balanced-match/download/balanced-match-1.0.0.tgz#89b4d199ab2bee49de164ea02b89ce462d71b767"

big.js@^3.1.3:
  version "3.2.0"
  resolved "http://registry.npm.taobao.org/big.js/download/big.js-3.2.0.tgz#a5fc298b81b9e0dca2e458824784b65c52ba588e"

brace-expansion@^1.1.7:
  version "1.1.8"
  resolved "http://registry.npm.taobao.org/brace-expansion/download/brace-expansion-1.1.8.tgz#c07b211c7c952ec1f8efd51a77ef0d1d3990a292"
  dependencies:
    balanced-match "^1.0.0"
    concat-map "0.0.1"

browserslist@^1.3.6, browserslist@^1.5.2, browserslist@^1.7.6:
  version "1.7.7"
  resolved "http://registry.npm.taobao.org/browserslist/download/browserslist-1.7.7.tgz#0bd76704258be829b2398bb50e4b62d1a166b0b9"
  dependencies:
    caniuse-db "^1.0.30000639"
    electron-to-chromium "^1.2.7"

caniuse-api@^1.5.2:
  version "1.6.1"
  resolved "http://registry.npm.taobao.org/caniuse-api/download/caniuse-api-1.6.1.tgz#b534e7c734c4f81ec5fbe8aca2ad24354b962c6c"
  dependencies:
    browserslist "^1.3.6"
    caniuse-db "^1.0.30000529"
    lodash.memoize "^4.1.2"
    lodash.uniq "^4.5.0"

caniuse-db@^1.0.30000529, caniuse-db@^1.0.30000634, caniuse-db@^1.0.30000639:
  version "1.0.30000800"
  resolved "http://registry.npm.taobao.org/caniuse-db/download/caniuse-db-1.0.30000800.tgz#a86e6bc23bd9a707d5df42f33e64d0495cfda218"

chalk@^1.1.3:
  version "1.1.3"
  resolved "http://registry.npm.taobao.org/chalk/download/chalk-1.1.3.tgz#a8115c55e4a702fe4d150abd3872822a7e09fc98"
  dependencies:
    ansi-styles "^2.2.1"
    escape-string-regexp "^1.0.2"
    has-ansi "^2.0.0"
    strip-ansi "^3.0.0"
    supports-color "^2.0.0"

chalk@^2.3.0:
  version "2.3.0"
  resolved "http://registry.npm.taobao.org/chalk/download/chalk-2.3.0.tgz#b5ea48efc9c1793dccc9b4767c93914d3f2d52ba"
  dependencies:
    ansi-styles "^3.1.0"
    escape-string-regexp "^1.0.5"
    supports-color "^4.0.0"

clap@^1.0.9:
  version "1.2.3"
  resolved "http://registry.npm.taobao.org/clap/download/clap-1.2.3.tgz#4f36745b32008492557f46412d66d50cb99bce51"
  dependencies:
    chalk "^1.1.3"

clone@^1.0.2:
  version "1.0.3"
  resolved "http://registry.npm.taobao.org/clone/download/clone-1.0.3.tgz#298d7e2231660f40c003c2ed3140decf3f53085f"

co@^4.6.0:
  version "4.6.0"
  resolved "http://registry.npm.taobao.org/co/download/co-4.6.0.tgz#6ea6bdf3d853ae54ccb8e47bfa0bf3f9031fb184"

coa@~1.0.1:
  version "1.0.4"
  resolved "http://registry.npm.taobao.org/coa/download/coa-1.0.4.tgz#a9ef153660d6a86a8bdec0289a5c684d217432fd"
  dependencies:
    q "^1.1.2"

color-convert@^1.3.0, color-convert@^1.9.0:
  version "1.9.1"
  resolved "http://registry.npm.taobao.org/color-convert/download/color-convert-1.9.1.tgz#c1261107aeb2f294ebffec9ed9ecad529a6097ed"
  dependencies:
    color-name "^1.1.1"

color-name@^1.0.0, color-name@^1.1.1:
  version "1.1.3"
  resolved "http://registry.npm.taobao.org/color-name/download/color-name-1.1.3.tgz#a7d0558bd89c42f795dd42328f740831ca53bc25"

color-string@^0.3.0:
  version "0.3.0"
  resolved "http://registry.npm.taobao.org/color-string/download/color-string-0.3.0.tgz#27d46fb67025c5c2fa25993bfbf579e47841b991"
  dependencies:
    color-name "^1.0.0"

color@^0.11.0:
  version "0.11.4"
  resolved "http://registry.npm.taobao.org/color/download/color-0.11.4.tgz#6d7b5c74fb65e841cd48792ad1ed5e07b904d764"
  dependencies:
    clone "^1.0.2"
    color-convert "^1.3.0"
    color-string "^0.3.0"

colormin@^1.0.5:
  version "1.1.2"
  resolved "http://registry.npm.taobao.org/colormin/download/colormin-1.1.2.tgz#ea2f7420a72b96881a38aae59ec124a6f7298133"
  dependencies:
    color "^0.11.0"
    css-color-names "0.0.4"
    has "^1.0.1"

colors@~1.1.2:
  version "1.1.2"
  resolved "http://registry.npm.taobao.org/colors/download/colors-1.1.2.tgz#168a4701756b6a7f51a12ce0c97bfa28c084ed63"

commondir@^1.0.1:
  version "1.0.1"
  resolved "http://registry.npm.taobao.org/commondir/download/commondir-1.0.1.tgz#ddd800da0c66127393cca5950ea968a3aaf1253b"

concat-map@0.0.1:
  version "0.0.1"
  resolved "http://registry.npm.taobao.org/concat-map/download/concat-map-0.0.1.tgz#d8a96bd77fd68df7793a73036a3ba0d5405d477b"

convert-source-map@^1.5.0:
  version "1.5.1"
  resolved "http://registry.npm.taobao.org/convert-source-map/download/convert-source-map-1.5.1.tgz#b8278097b9bc229365de5c62cf5fcaed8b5599e5"

core-js@^2.4.0, core-js@^2.5.0:
  version "2.5.3"
  resolved "http://registry.npm.taobao.org/core-js/download/core-js-2.5.3.tgz#8acc38345824f16d8365b7c9b4259168e8ed603e"

css-color-names@0.0.4:
  version "0.0.4"
  resolved "http://registry.npm.taobao.org/css-color-names/download/css-color-names-0.0.4.tgz#808adc2e79cf84738069b646cb20ec27beb629e0"

css-loader@^0.28.9:
  version "0.28.9"
  resolved "http://registry.npm.taobao.org/css-loader/download/css-loader-0.28.9.tgz#68064b85f4e271d7ce4c48a58300928e535d1c95"
  dependencies:
    babel-code-frame "^6.26.0"
    css-selector-tokenizer "^0.7.0"
    cssnano "^3.10.0"
    icss-utils "^2.1.0"
    loader-utils "^1.0.2"
    lodash.camelcase "^4.3.0"
    object-assign "^4.1.1"
    postcss "^5.0.6"
    postcss-modules-extract-imports "^1.2.0"
    postcss-modules-local-by-default "^1.2.0"
    postcss-modules-scope "^1.1.0"
    postcss-modules-values "^1.3.0"
    postcss-value-parser "^3.3.0"
    source-list-map "^2.0.0"

css-selector-tokenizer@^0.7.0:
  version "0.7.0"
  resolved "http://registry.npm.taobao.org/css-selector-tokenizer/download/css-selector-tokenizer-0.7.0.tgz#e6988474ae8c953477bf5e7efecfceccd9cf4c86"
  dependencies:
    cssesc "^0.1.0"
    fastparse "^1.1.1"
    regexpu-core "^1.0.0"

cssesc@^0.1.0:
  version "0.1.0"
  resolved "http://registry.npm.taobao.org/cssesc/download/cssesc-0.1.0.tgz#c814903e45623371a0477b40109aaafbeeaddbb4"

cssnano@^3.10.0:
  version "3.10.0"
  resolved "http://registry.npm.taobao.org/cssnano/download/cssnano-3.10.0.tgz#4f38f6cea2b9b17fa01490f23f1dc68ea65c1c38"
  dependencies:
    autoprefixer "^6.3.1"
    decamelize "^1.1.2"
    defined "^1.0.0"
    has "^1.0.1"
    object-assign "^4.0.1"
    postcss "^5.0.14"
    postcss-calc "^5.2.0"
    postcss-colormin "^2.1.8"
    postcss-convert-values "^2.3.4"
    postcss-discard-comments "^2.0.4"
    postcss-discard-duplicates "^2.0.1"
    postcss-discard-empty "^2.0.1"
    postcss-discard-overridden "^0.1.1"
    postcss-discard-unused "^2.2.1"
    postcss-filter-plugins "^2.0.0"
    postcss-merge-idents "^2.1.5"
    postcss-merge-longhand "^2.0.1"
    postcss-merge-rules "^2.0.3"
    postcss-minify-font-values "^1.0.2"
    postcss-minify-gradients "^1.0.1"
    postcss-minify-params "^1.0.4"
    postcss-minify-selectors "^2.0.4"
    postcss-normalize-charset "^1.1.0"
    postcss-normalize-url "^3.0.7"
    postcss-ordered-values "^2.1.0"
    postcss-reduce-idents "^2.2.2"
    postcss-reduce-initial "^1.0.0"
    postcss-reduce-transforms "^1.0.3"
    postcss-svgo "^2.1.1"
    postcss-unique-selectors "^2.0.2"
    postcss-value-parser "^3.2.3"
    postcss-zindex "^2.0.1"

csso@~2.3.1:
  version "2.3.2"
  resolved "http://registry.npm.taobao.org/csso/download/csso-2.3.2.tgz#ddd52c587033f49e94b71fc55569f252e8ff5f85"
  dependencies:
    clap "^1.0.9"
    source-map "^0.5.3"

debug@^2.6.8:
  version "2.6.9"
  resolved "http://registry.npm.taobao.org/debug/download/debug-2.6.9.tgz#5d128515df134ff327e90a4c93f4e077a536341f"
  dependencies:
    ms "2.0.0"

decamelize@^1.1.2:
  version "1.2.0"
  resolved "http://registry.npm.taobao.org/decamelize/download/decamelize-1.2.0.tgz#f6534d15148269b20352e7bee26f501f9a191290"

defined@^1.0.0:
  version "1.0.0"
  resolved "http://registry.npm.taobao.org/defined/download/defined-1.0.0.tgz#c98d9bcef75674188e110969151199e39b1fa693"

detect-indent@^4.0.0:
  version "4.0.0"
  resolved "http://registry.npm.taobao.org/detect-indent/download/detect-indent-4.0.0.tgz#f76d064352cdf43a1cb6ce619c4ee3a9475de208"
  dependencies:
    repeating "^2.0.0"

electron-to-chromium@^1.2.7:
  version "1.3.32"
  resolved "http://registry.npm.taobao.org/electron-to-chromium/download/electron-to-chromium-1.3.32.tgz#11d0684c0840e003c4be8928f8ac5f35dbc2b4e6"

emojis-list@^2.0.0:
  version "2.1.0"
  resolved "http://registry.npm.taobao.org/emojis-list/download/emojis-list-2.1.0.tgz#4daa4d9db00f9819880c79fa457ae5b09a1fd389"

escape-string-regexp@^1.0.2, escape-string-regexp@^1.0.5:
  version "1.0.5"
  resolved "http://registry.npm.taobao.org/escape-string-regexp/download/escape-string-regexp-1.0.5.tgz#1b61c0562190a8dff6ae3bb2cf0200ca130b86d4"

esprima@^2.6.0:
  version "2.7.3"
  resolved "http://registry.npm.taobao.org/esprima/download/esprima-2.7.3.tgz#96e3b70d5779f6ad49cd032673d1c312767ba581"

esutils@^2.0.2:
  version "2.0.2"
  resolved "http://registry.npm.taobao.org/esutils/download/esutils-2.0.2.tgz#0abf4f1caa5bcb1f7a9d8acc6dea4faaa04bac9b"

fast-deep-equal@^1.0.0:
  version "1.0.0"
  resolved "http://registry.npm.taobao.org/fast-deep-equal/download/fast-deep-equal-1.0.0.tgz#96256a3bc975595eb36d82e9929d060d893439ff"

fast-json-stable-stringify@^2.0.0:
  version "2.0.0"
  resolved "http://registry.npm.taobao.org/fast-json-stable-stringify/download/fast-json-stable-stringify-2.0.0.tgz#d5142c0caee6b1189f87d3a76111064f86c8bbf2"

fastparse@^1.1.1:
  version "1.1.1"
  resolved "http://registry.npm.taobao.org/fastparse/download/fastparse-1.1.1.tgz#d1e2643b38a94d7583b479060e6c4affc94071f8"

find-cache-dir@^1.0.0:
  version "1.0.0"
  resolved "http://registry.npm.taobao.org/find-cache-dir/download/find-cache-dir-1.0.0.tgz#9288e3e9e3cc3748717d39eade17cf71fc30ee6f"
  dependencies:
    commondir "^1.0.1"
    make-dir "^1.0.0"
    pkg-dir "^2.0.0"

find-up@^2.1.0:
  version "2.1.0"
  resolved "http://registry.npm.taobao.org/find-up/download/find-up-2.1.0.tgz#45d1b7e506c717ddd482775a2b77920a3c0c57a7"
  dependencies:
    locate-path "^2.0.0"

flatten@^1.0.2:
  version "1.0.2"
  resolved "http://registry.npm.taobao.org/flatten/download/flatten-1.0.2.tgz#dae46a9d78fbe25292258cc1e780a41d95c03782"

function-bind@^1.0.2:
  version "1.1.1"
  resolved "http://registry.npm.taobao.org/function-bind/download/function-bind-1.1.1.tgz#a56899d3ea3c9bab874bb9773b7c5ede92f4895d"

globals@^9.18.0:
  version "9.18.0"
  resolved "http://registry.npm.taobao.org/globals/download/globals-9.18.0.tgz#aa3896b3e69b487f17e31ed2143d69a8e30c2d8a"

has-ansi@^2.0.0:
  version "2.0.0"
  resolved "http://registry.npm.taobao.org/has-ansi/download/has-ansi-2.0.0.tgz#34f5049ce1ecdf2b0649af3ef24e45ed35416d91"
  dependencies:
    ansi-regex "^2.0.0"

has-flag@^1.0.0:
  version "1.0.0"
  resolved "http://registry.npm.taobao.org/has-flag/download/has-flag-1.0.0.tgz#9d9e793165ce017a00f00418c43f942a7b1d11fa"

has-flag@^2.0.0:
  version "2.0.0"
  resolved "http://registry.npm.taobao.org/has-flag/download/has-flag-2.0.0.tgz#e8207af1cc7b30d446cc70b734b5e8be18f88d51"

has@^1.0.1:
  version "1.0.1"
  resolved "http://registry.npm.taobao.org/has/download/has-1.0.1.tgz#8461733f538b0837c9361e39a9ab9e9704dc2f28"
  dependencies:
    function-bind "^1.0.2"

home-or-tmp@^2.0.0:
  version "2.0.0"
  resolved "http://registry.npm.taobao.org/home-or-tmp/download/home-or-tmp-2.0.0.tgz#e36c3f2d2cae7d746a857e38d18d5f32a7882db8"
  dependencies:
    os-homedir "^1.0.0"
    os-tmpdir "^1.0.1"

html-comment-regex@^1.1.0:
  version "1.1.1"
  resolved "http://registry.npm.taobao.org/html-comment-regex/download/html-comment-regex-1.1.1.tgz#668b93776eaae55ebde8f3ad464b307a4963625e"

icss-replace-symbols@^1.1.0:
  version "1.1.0"
  resolved "http://registry.npm.taobao.org/icss-replace-symbols/download/icss-replace-symbols-1.1.0.tgz#06ea6f83679a7749e386cfe1fe812ae5db223ded"

icss-utils@^2.1.0:
  version "2.1.0"
  resolved "http://registry.npm.taobao.org/icss-utils/download/icss-utils-2.1.0.tgz#83f0a0ec378bf3246178b6c2ad9136f135b1c962"
  dependencies:
    postcss "^6.0.1"

indexes-of@^1.0.1:
  version "1.0.1"
  resolved "http://registry.npm.taobao.org/indexes-of/download/indexes-of-1.0.1.tgz#f30f716c8e2bd346c7b67d3df3915566a7c05607"

invariant@^2.2.2:
  version "2.2.2"
  resolved "http://registry.npm.taobao.org/invariant/download/invariant-2.2.2.tgz#9e1f56ac0acdb6bf303306f338be3b204ae60360"
  dependencies:
    loose-envify "^1.0.0"

is-absolute-url@^2.0.0:
  version "2.1.0"
  resolved "http://registry.npm.taobao.org/is-absolute-url/download/is-absolute-url-2.1.0.tgz#50530dfb84fcc9aa7dbe7852e83a37b93b9f2aa6"

is-finite@^1.0.0:
  version "1.0.2"
  resolved "http://registry.npm.taobao.org/is-finite/download/is-finite-1.0.2.tgz#cc6677695602be550ef11e8b4aa6305342b6d0aa"
  dependencies:
    number-is-nan "^1.0.0"

is-plain-obj@^1.0.0:
  version "1.1.0"
  resolved "http://registry.npm.taobao.org/is-plain-obj/download/is-plain-obj-1.1.0.tgz#71a50c8429dfca773c92a390a4a03b39fcd51d3e"

is-svg@^2.0.0:
  version "2.1.0"
  resolved "http://registry.npm.taobao.org/is-svg/download/is-svg-2.1.0.tgz#cf61090da0d9efbcab8722deba6f032208dbb0e9"
  dependencies:
    html-comment-regex "^1.1.0"

jquery@^3.3.1:
  version "3.3.1"
  resolved "http://registry.npm.taobao.org/jquery/download/jquery-3.3.1.tgz#958ce29e81c9790f31be7792df5d4d95fc57fbca"

js-base64@^2.1.9:
  version "2.4.3"
  resolved "http://registry.npm.taobao.org/js-base64/download/js-base64-2.4.3.tgz#2e545ec2b0f2957f41356510205214e98fad6582"

js-tokens@^3.0.0, js-tokens@^3.0.2:
  version "3.0.2"
  resolved "http://registry.npm.taobao.org/js-tokens/download/js-tokens-3.0.2.tgz#9866df395102130e38f7f996bceb65443209c25b"

js-yaml@~3.7.0:
  version "3.7.0"
  resolved "http://registry.npm.taobao.org/js-yaml/download/js-yaml-3.7.0.tgz#5c967ddd837a9bfdca5f2de84253abe8a1c03b80"
  dependencies:
    argparse "^1.0.7"
    esprima "^2.6.0"

jsesc@^1.3.0:
  version "1.3.0"
  resolved "http://registry.npm.taobao.org/jsesc/download/jsesc-1.3.0.tgz#46c3fec8c1892b12b0833db9bc7622176dbab34b"

jsesc@~0.5.0:
  version "0.5.0"
  resolved "http://registry.npm.taobao.org/jsesc/download/jsesc-0.5.0.tgz#e7dee66e35d6fc16f710fe91d5cf69f70f08911d"

json-schema-traverse@^0.3.0:
  version "0.3.1"
  resolved "http://registry.npm.taobao.org/json-schema-traverse/download/json-schema-traverse-0.3.1.tgz#349a6d44c53a51de89b40805c5d5e59b417d3340"

json5@^0.5.0, json5@^0.5.1:
  version "0.5.1"
  resolved "http://registry.npm.taobao.org/json5/download/json5-0.5.1.tgz#1eade7acc012034ad84e2396767ead9fa5495821"

loader-utils@^1.0.2, loader-utils@^1.1.0:
  version "1.1.0"
  resolved "http://registry.npm.taobao.org/loader-utils/download/loader-utils-1.1.0.tgz#c98aef488bcceda2ffb5e2de646d6a754429f5cd"
  dependencies:
    big.js "^3.1.3"
    emojis-list "^2.0.0"
    json5 "^0.5.0"

locate-path@^2.0.0:
  version "2.0.0"
  resolved "http://registry.npm.taobao.org/locate-path/download/locate-path-2.0.0.tgz#2b568b265eec944c6d9c0de9c3dbbbca0354cd8e"
  dependencies:
    p-locate "^2.0.0"
    path-exists "^3.0.0"

lodash.camelcase@^4.3.0:
  version "4.3.0"
  resolved "http://registry.npm.taobao.org/lodash.camelcase/download/lodash.camelcase-4.3.0.tgz#b28aa6288a2b9fc651035c7711f65ab6190331a6"

lodash.memoize@^4.1.2:
  version "4.1.2"
  resolved "http://registry.npm.taobao.org/lodash.memoize/download/lodash.memoize-4.1.2.tgz#bcc6c49a42a2840ed997f323eada5ecd182e0bfe"

lodash.uniq@^4.5.0:
  version "4.5.0"
  resolved "http://registry.npm.taobao.org/lodash.uniq/download/lodash.uniq-4.5.0.tgz#d0225373aeb652adc1bc82e4945339a842754773"

lodash@^4.17.4:
  version "4.17.4"
  resolved "http://registry.npm.taobao.org/lodash/download/lodash-4.17.4.tgz#78203a4d1c328ae1d86dca6460e369b57f4055ae"

loose-envify@^1.0.0:
  version "1.3.1"
  resolved "http://registry.npm.taobao.org/loose-envify/download/loose-envify-1.3.1.tgz#d1a8ad33fa9ce0e713d65fdd0ac8b748d478c848"
  dependencies:
    js-tokens "^3.0.0"

macaddress@^0.2.8:
  version "0.2.8"
  resolved "http://registry.npm.taobao.org/macaddress/download/macaddress-0.2.8.tgz#5904dc537c39ec6dbefeae902327135fa8511f12"

make-dir@^1.0.0:
  version "1.1.0"
  resolved "http://registry.npm.taobao.org/make-dir/download/make-dir-1.1.0.tgz#19b4369fe48c116f53c2af95ad102c0e39e85d51"
  dependencies:
    pify "^3.0.0"

math-expression-evaluator@^1.2.14:
  version "1.2.17"
  resolved "http://registry.npm.taobao.org/math-expression-evaluator/download/math-expression-evaluator-1.2.17.tgz#de819fdbcd84dccd8fae59c6aeb79615b9d266ac"

minimatch@^3.0.4:
  version "3.0.4"
  resolved "http://registry.npm.taobao.org/minimatch/download/minimatch-3.0.4.tgz#5166e286457f03306064be5497e8dbb0c3d32083"
  dependencies:
    brace-expansion "^1.1.7"

minimist@0.0.8:
  version "0.0.8"
  resolved "http://registry.npm.taobao.org/minimist/download/minimist-0.0.8.tgz#857fcabfc3397d2625b8228262e86aa7a011b05d"

mkdirp@^0.5.1, mkdirp@~0.5.1:
  version "0.5.1"
  resolved "http://registry.npm.taobao.org/mkdirp/download/mkdirp-0.5.1.tgz#30057438eac6cf7f8c4767f38648d6697d75c903"
  dependencies:
    minimist "0.0.8"

ms@2.0.0:
  version "2.0.0"
  resolved "http://registry.npm.taobao.org/ms/download/ms-2.0.0.tgz#5608aeadfc00be6c2901df5f9861788de0d597c8"

normalize-range@^0.1.2:
  version "0.1.2"
  resolved "http://registry.npm.taobao.org/normalize-range/download/normalize-range-0.1.2.tgz#2d10c06bdfd312ea9777695a4d28439456b75942"

normalize-url@^1.4.0:
  version "1.9.1"
  resolved "http://registry.npm.taobao.org/normalize-url/download/normalize-url-1.9.1.tgz#2cc0d66b31ea23036458436e3620d85954c66c3c"
  dependencies:
    object-assign "^4.0.1"
    prepend-http "^1.0.0"
    query-string "^4.1.0"
    sort-keys "^1.0.0"

num2fraction@^1.2.2:
  version "1.2.2"
  resolved "http://registry.npm.taobao.org/num2fraction/download/num2fraction-1.2.2.tgz#6f682b6a027a4e9ddfa4564cd2589d1d4e669ede"

number-is-nan@^1.0.0:
  version "1.0.1"
  resolved "http://registry.npm.taobao.org/number-is-nan/download/number-is-nan-1.0.1.tgz#097b602b53422a522c1afb8790318336941a011d"

object-assign@^4.0.1, object-assign@^4.1.0, object-assign@^4.1.1:
  version "4.1.1"
  resolved "http://registry.npm.taobao.org/object-assign/download/object-assign-4.1.1.tgz#2109adc7965887cfc05cbbd442cac8bfbb360863"

os-homedir@^1.0.0:
  version "1.0.2"
  resolved "http://registry.npm.taobao.org/os-homedir/download/os-homedir-1.0.2.tgz#ffbc4988336e0e833de0c168c7ef152121aa7fb3"

os-tmpdir@^1.0.1:
  version "1.0.2"
  resolved "http://registry.npm.taobao.org/os-tmpdir/download/os-tmpdir-1.0.2.tgz#bbe67406c79aa85c5cfec766fe5734555dfa1274"

p-limit@^1.1.0:
  version "1.2.0"
  resolved "http://registry.npm.taobao.org/p-limit/download/p-limit-1.2.0.tgz#0e92b6bedcb59f022c13d0f1949dc82d15909f1c"
  dependencies:
    p-try "^1.0.0"

p-locate@^2.0.0:
  version "2.0.0"
  resolved "http://registry.npm.taobao.org/p-locate/download/p-locate-2.0.0.tgz#20a0103b222a70c8fd39cc2e580680f3dde5ec43"
  dependencies:
    p-limit "^1.1.0"

p-try@^1.0.0:
  version "1.0.0"
  resolved "http://registry.npm.taobao.org/p-try/download/p-try-1.0.0.tgz#cbc79cdbaf8fd4228e13f621f2b1a237c1b207b3"

path-exists@^3.0.0:
  version "3.0.0"
  resolved "http://registry.npm.taobao.org/path-exists/download/path-exists-3.0.0.tgz#ce0ebeaa5f78cb18925ea7d810d7b59b010fd515"

path-is-absolute@^1.0.1:
  version "1.0.1"
  resolved "http://registry.npm.taobao.org/path-is-absolute/download/path-is-absolute-1.0.1.tgz#174b9268735534ffbc7ace6bf53a5a9e1b5c5f5f"

pify@^3.0.0:
  version "3.0.0"
  resolved "http://registry.npm.taobao.org/pify/download/pify-3.0.0.tgz#e5a4acd2c101fdf3d9a4d07f0dbc4db49dd28176"

pkg-dir@^2.0.0:
  version "2.0.0"
  resolved "http://registry.npm.taobao.org/pkg-dir/download/pkg-dir-2.0.0.tgz#f6d5d1109e19d63edf428e0bd57e12777615334b"
  dependencies:
    find-up "^2.1.0"

postcss-calc@^5.2.0:
  version "5.3.1"
  resolved "http://registry.npm.taobao.org/postcss-calc/download/postcss-calc-5.3.1.tgz#77bae7ca928ad85716e2fda42f261bf7c1d65b5e"
  dependencies:
    postcss "^5.0.2"
    postcss-message-helpers "^2.0.0"
    reduce-css-calc "^1.2.6"

postcss-colormin@^2.1.8:
  version "2.2.2"
  resolved "http://registry.npm.taobao.org/postcss-colormin/download/postcss-colormin-2.2.2.tgz#6631417d5f0e909a3d7ec26b24c8a8d1e4f96e4b"
  dependencies:
    colormin "^1.0.5"
    postcss "^5.0.13"
    postcss-value-parser "^3.2.3"

postcss-convert-values@^2.3.4:
  version "2.6.1"
  resolved "http://registry.npm.taobao.org/postcss-convert-values/download/postcss-convert-values-2.6.1.tgz#bbd8593c5c1fd2e3d1c322bb925dcae8dae4d62d"
  dependencies:
    postcss "^5.0.11"
    postcss-value-parser "^3.1.2"

postcss-discard-comments@^2.0.4:
  version "2.0.4"
  resolved "http://registry.npm.taobao.org/postcss-discard-comments/download/postcss-discard-comments-2.0.4.tgz#befe89fafd5b3dace5ccce51b76b81514be00e3d"
  dependencies:
    postcss "^5.0.14"

postcss-discard-duplicates@^2.0.1:
  version "2.1.0"
  resolved "http://registry.npm.taobao.org/postcss-discard-duplicates/download/postcss-discard-duplicates-2.1.0.tgz#b9abf27b88ac188158a5eb12abcae20263b91932"
  dependencies:
    postcss "^5.0.4"

postcss-discard-empty@^2.0.1:
  version "2.1.0"
  resolved "http://registry.npm.taobao.org/postcss-discard-empty/download/postcss-discard-empty-2.1.0.tgz#d2b4bd9d5ced5ebd8dcade7640c7d7cd7f4f92b5"
  dependencies:
    postcss "^5.0.14"

postcss-discard-overridden@^0.1.1:
  version "0.1.1"
  resolved "http://registry.npm.taobao.org/postcss-discard-overridden/download/postcss-discard-overridden-0.1.1.tgz#8b1eaf554f686fb288cd874c55667b0aa3668d58"
  dependencies:
    postcss "^5.0.16"

postcss-discard-unused@^2.2.1:
  version "2.2.3"
  resolved "http://registry.npm.taobao.org/postcss-discard-unused/download/postcss-discard-unused-2.2.3.tgz#bce30b2cc591ffc634322b5fb3464b6d934f4433"
  dependencies:
    postcss "^5.0.14"
    uniqs "^2.0.0"

postcss-filter-plugins@^2.0.0:
  version "2.0.2"
  resolved "http://registry.npm.taobao.org/postcss-filter-plugins/download/postcss-filter-plugins-2.0.2.tgz#6d85862534d735ac420e4a85806e1f5d4286d84c"
  dependencies:
    postcss "^5.0.4"
    uniqid "^4.0.0"

postcss-merge-idents@^2.1.5:
  version "2.1.7"
  resolved "http://registry.npm.taobao.org/postcss-merge-idents/download/postcss-merge-idents-2.1.7.tgz#4c5530313c08e1d5b3bbf3d2bbc747e278eea270"
  dependencies:
    has "^1.0.1"
    postcss "^5.0.10"
    postcss-value-parser "^3.1.1"

postcss-merge-longhand@^2.0.1:
  version "2.0.2"
  resolved "http://registry.npm.taobao.org/postcss-merge-longhand/download/postcss-merge-longhand-2.0.2.tgz#23d90cd127b0a77994915332739034a1a4f3d658"
  dependencies:
    postcss "^5.0.4"

postcss-merge-rules@^2.0.3:
  version "2.1.2"
  resolved "http://registry.npm.taobao.org/postcss-merge-rules/download/postcss-merge-rules-2.1.2.tgz#d1df5dfaa7b1acc3be553f0e9e10e87c61b5f721"
  dependencies:
    browserslist "^1.5.2"
    caniuse-api "^1.5.2"
    postcss "^5.0.4"
    postcss-selector-parser "^2.2.2"
    vendors "^1.0.0"

postcss-message-helpers@^2.0.0:
  version "2.0.0"
  resolved "http://registry.npm.taobao.org/postcss-message-helpers/download/postcss-message-helpers-2.0.0.tgz#a4f2f4fab6e4fe002f0aed000478cdf52f9ba60e"

postcss-minify-font-values@^1.0.2:
  version "1.0.5"
  resolved "http://registry.npm.taobao.org/postcss-minify-font-values/download/postcss-minify-font-values-1.0.5.tgz#4b58edb56641eba7c8474ab3526cafd7bbdecb69"
  dependencies:
    object-assign "^4.0.1"
    postcss "^5.0.4"
    postcss-value-parser "^3.0.2"

postcss-minify-gradients@^1.0.1:
  version "1.0.5"
  resolved "http://registry.npm.taobao.org/postcss-minify-gradients/download/postcss-minify-gradients-1.0.5.tgz#5dbda11373703f83cfb4a3ea3881d8d75ff5e6e1"
  dependencies:
    postcss "^5.0.12"
    postcss-value-parser "^3.3.0"

postcss-minify-params@^1.0.4:
  version "1.2.2"
  resolved "http://registry.npm.taobao.org/postcss-minify-params/download/postcss-minify-params-1.2.2.tgz#ad2ce071373b943b3d930a3fa59a358c28d6f1f3"
  dependencies:
    alphanum-sort "^1.0.1"
    postcss "^5.0.2"
    postcss-value-parser "^3.0.2"
    uniqs "^2.0.0"

postcss-minify-selectors@^2.0.4:
  version "2.1.1"
  resolved "http://registry.npm.taobao.org/postcss-minify-selectors/download/postcss-minify-selectors-2.1.1.tgz#b2c6a98c0072cf91b932d1a496508114311735bf"
  dependencies:
    alphanum-sort "^1.0.2"
    has "^1.0.1"
    postcss "^5.0.14"
    postcss-selector-parser "^2.0.0"

postcss-modules-extract-imports@^1.2.0:
  version "1.2.0"
  resolved "http://registry.npm.taobao.org/postcss-modules-extract-imports/download/postcss-modules-extract-imports-1.2.0.tgz#66140ecece38ef06bf0d3e355d69bf59d141ea85"
  dependencies:
    postcss "^6.0.1"

postcss-modules-local-by-default@^1.2.0:
  version "1.2.0"
  resolved "http://registry.npm.taobao.org/postcss-modules-local-by-default/download/postcss-modules-local-by-default-1.2.0.tgz#f7d80c398c5a393fa7964466bd19500a7d61c069"
  dependencies:
    css-selector-tokenizer "^0.7.0"
    postcss "^6.0.1"

postcss-modules-scope@^1.1.0:
  version "1.1.0"
  resolved "http://registry.npm.taobao.org/postcss-modules-scope/download/postcss-modules-scope-1.1.0.tgz#d6ea64994c79f97b62a72b426fbe6056a194bb90"
  dependencies:
    css-selector-tokenizer "^0.7.0"
    postcss "^6.0.1"

postcss-modules-values@^1.3.0:
  version "1.3.0"
  resolved "http://registry.npm.taobao.org/postcss-modules-values/download/postcss-modules-values-1.3.0.tgz#ecffa9d7e192518389f42ad0e83f72aec456ea20"
  dependencies:
    icss-replace-symbols "^1.1.0"
    postcss "^6.0.1"

postcss-normalize-charset@^1.1.0:
  version "1.1.1"
  resolved "http://registry.npm.taobao.org/postcss-normalize-charset/download/postcss-normalize-charset-1.1.1.tgz#ef9ee71212d7fe759c78ed162f61ed62b5cb93f1"
  dependencies:
    postcss "^5.0.5"

postcss-normalize-url@^3.0.7:
  version "3.0.8"
  resolved "http://registry.npm.taobao.org/postcss-normalize-url/download/postcss-normalize-url-3.0.8.tgz#108f74b3f2fcdaf891a2ffa3ea4592279fc78222"
  dependencies:
    is-absolute-url "^2.0.0"
    normalize-url "^1.4.0"
    postcss "^5.0.14"
    postcss-value-parser "^3.2.3"

postcss-ordered-values@^2.1.0:
  version "2.2.3"
  resolved "http://registry.npm.taobao.org/postcss-ordered-values/download/postcss-ordered-values-2.2.3.tgz#eec6c2a67b6c412a8db2042e77fe8da43f95c11d"
  dependencies:
    postcss "^5.0.4"
    postcss-value-parser "^3.0.1"

postcss-reduce-idents@^2.2.2:
  version "2.4.0"
  resolved "http://registry.npm.taobao.org/postcss-reduce-idents/download/postcss-reduce-idents-2.4.0.tgz#c2c6d20cc958284f6abfbe63f7609bf409059ad3"
  dependencies:
    postcss "^5.0.4"
    postcss-value-parser "^3.0.2"

postcss-reduce-initial@^1.0.0:
  version "1.0.1"
  resolved "http://registry.npm.taobao.org/postcss-reduce-initial/download/postcss-reduce-initial-1.0.1.tgz#68f80695f045d08263a879ad240df8dd64f644ea"
  dependencies:
    postcss "^5.0.4"

postcss-reduce-transforms@^1.0.3:
  version "1.0.4"
  resolved "http://registry.npm.taobao.org/postcss-reduce-transforms/download/postcss-reduce-transforms-1.0.4.tgz#ff76f4d8212437b31c298a42d2e1444025771ae1"
  dependencies:
    has "^1.0.1"
    postcss "^5.0.8"
    postcss-value-parser "^3.0.1"

postcss-selector-parser@^2.0.0, postcss-selector-parser@^2.2.2:
  version "2.2.3"
  resolved "http://registry.npm.taobao.org/postcss-selector-parser/download/postcss-selector-parser-2.2.3.tgz#f9437788606c3c9acee16ffe8d8b16297f27bb90"
  dependencies:
    flatten "^1.0.2"
    indexes-of "^1.0.1"
    uniq "^1.0.1"

postcss-svgo@^2.1.1:
  version "2.1.6"
  resolved "http://registry.npm.taobao.org/postcss-svgo/download/postcss-svgo-2.1.6.tgz#b6df18aa613b666e133f08adb5219c2684ac108d"
  dependencies:
    is-svg "^2.0.0"
    postcss "^5.0.14"
    postcss-value-parser "^3.2.3"
    svgo "^0.7.0"

postcss-unique-selectors@^2.0.2:
  version "2.0.2"
  resolved "http://registry.npm.taobao.org/postcss-unique-selectors/download/postcss-unique-selectors-2.0.2.tgz#981d57d29ddcb33e7b1dfe1fd43b8649f933ca1d"
  dependencies:
    alphanum-sort "^1.0.1"
    postcss "^5.0.4"
    uniqs "^2.0.0"

postcss-value-parser@^3.0.1, postcss-value-parser@^3.0.2, postcss-value-parser@^3.1.1, postcss-value-parser@^3.1.2, postcss-value-parser@^3.2.3, postcss-value-parser@^3.3.0:
  version "3.3.0"
  resolved "http://registry.npm.taobao.org/postcss-value-parser/download/postcss-value-parser-3.3.0.tgz#87f38f9f18f774a4ab4c8a232f5c5ce8872a9d15"

postcss-zindex@^2.0.1:
  version "2.2.0"
  resolved "http://registry.npm.taobao.org/postcss-zindex/download/postcss-zindex-2.2.0.tgz#d2109ddc055b91af67fc4cb3b025946639d2af22"
  dependencies:
    has "^1.0.1"
    postcss "^5.0.4"
    uniqs "^2.0.0"

postcss@^5.0.10, postcss@^5.0.11, postcss@^5.0.12, postcss@^5.0.13, postcss@^5.0.14, postcss@^5.0.16, postcss@^5.0.2, postcss@^5.0.4, postcss@^5.0.5, postcss@^5.0.6, postcss@^5.0.8, postcss@^5.2.16:
  version "5.2.18"
  resolved "http://registry.npm.taobao.org/postcss/download/postcss-5.2.18.tgz#badfa1497d46244f6390f58b319830d9107853c5"
  dependencies:
    chalk "^1.1.3"
    js-base64 "^2.1.9"
    source-map "^0.5.6"
    supports-color "^3.2.3"

postcss@^6.0.1:
  version "6.0.17"
  resolved "http://registry.npm.taobao.org/postcss/download/postcss-6.0.17.tgz#e259a051ca513f81e9afd0c21f7f82eda50c65c5"
  dependencies:
    chalk "^2.3.0"
    source-map "^0.6.1"
    supports-color "^5.1.0"

prepend-http@^1.0.0:
  version "1.0.4"
  resolved "http://registry.npm.taobao.org/prepend-http/download/prepend-http-1.0.4.tgz#d4f4562b0ce3696e41ac52d0e002e57a635dc6dc"

private@^0.1.7:
  version "0.1.8"
  resolved "http://registry.npm.taobao.org/private/download/private-0.1.8.tgz#2381edb3689f7a53d653190060fcf822d2f368ff"

q@^1.1.2:
  version "1.5.1"
  resolved "http://registry.npm.taobao.org/q/download/q-1.5.1.tgz#7e32f75b41381291d04611f1bf14109ac00651d7"

query-string@^4.1.0:
  version "4.3.4"
  resolved "http://registry.npm.taobao.org/query-string/download/query-string-4.3.4.tgz#bbb693b9ca915c232515b228b1a02b609043dbeb"
  dependencies:
    object-assign "^4.1.0"
    strict-uri-encode "^1.0.0"

reduce-css-calc@^1.2.6:
  version "1.3.0"
  resolved "http://registry.npm.taobao.org/reduce-css-calc/download/reduce-css-calc-1.3.0.tgz#747c914e049614a4c9cfbba629871ad1d2927716"
  dependencies:
    balanced-match "^0.4.2"
    math-expression-evaluator "^1.2.14"
    reduce-function-call "^1.0.1"

reduce-function-call@^1.0.1:
  version "1.0.2"
  resolved "http://registry.npm.taobao.org/reduce-function-call/download/reduce-function-call-1.0.2.tgz#5a200bf92e0e37751752fe45b0ab330fd4b6be99"
  dependencies:
    balanced-match "^0.4.2"

regenerate@^1.2.1:
  version "1.3.3"
  resolved "http://registry.npm.taobao.org/regenerate/download/regenerate-1.3.3.tgz#0c336d3980553d755c39b586ae3b20aa49c82b7f"

regenerator-runtime@^0.11.0:
  version "0.11.1"
  resolved "http://registry.npm.taobao.org/regenerator-runtime/download/regenerator-runtime-0.11.1.tgz#be05ad7f9bf7d22e056f9726cee5017fbf19e2e9"

regexpu-core@^1.0.0:
  version "1.0.0"
  resolved "http://registry.npm.taobao.org/regexpu-core/download/regexpu-core-1.0.0.tgz#86a763f58ee4d7c2f6b102e4764050de7ed90c6b"
  dependencies:
    regenerate "^1.2.1"
    regjsgen "^0.2.0"
    regjsparser "^0.1.4"

regjsgen@^0.2.0:
  version "0.2.0"
  resolved "http://registry.npm.taobao.org/regjsgen/download/regjsgen-0.2.0.tgz#6c016adeac554f75823fe37ac05b92d5a4edb1f7"

regjsparser@^0.1.4:
  version "0.1.5"
  resolved "http://registry.npm.taobao.org/regjsparser/download/regjsparser-0.1.5.tgz#7ee8f84dc6fa792d3fd0ae228d24bd949ead205c"
  dependencies:
    jsesc "~0.5.0"

repeating@^2.0.0:
  version "2.0.1"
  resolved "http://registry.npm.taobao.org/repeating/download/repeating-2.0.1.tgz#5214c53a926d3552707527fbab415dbc08d06dda"
  dependencies:
    is-finite "^1.0.0"

sax@~1.2.1:
  version "1.2.4"
  resolved "http://registry.npm.taobao.org/sax/download/sax-1.2.4.tgz#2816234e2378bddc4e5354fab5caa895df7100d9"

schema-utils@^0.4.3:
  version "0.4.3"
  resolved "http://registry.npm.taobao.org/schema-utils/download/schema-utils-0.4.3.tgz#e2a594d3395834d5e15da22b48be13517859458e"
  dependencies:
    ajv "^5.0.0"
    ajv-keywords "^2.1.0"

slash@^1.0.0:
  version "1.0.0"
  resolved "http://registry.npm.taobao.org/slash/download/slash-1.0.0.tgz#c41f2f6c39fc16d1cd17ad4b5d896114ae470d55"

sort-keys@^1.0.0:
  version "1.1.2"
  resolved "http://registry.npm.taobao.org/sort-keys/download/sort-keys-1.1.2.tgz#441b6d4d346798f1b4e49e8920adfba0e543f9ad"
  dependencies:
    is-plain-obj "^1.0.0"

source-list-map@^2.0.0:
  version "2.0.0"
  resolved "http://registry.npm.taobao.org/source-list-map/download/source-list-map-2.0.0.tgz#aaa47403f7b245a92fbc97ea08f250d6087ed085"

source-map-support@^0.4.15:
  version "0.4.18"
  resolved "http://registry.npm.taobao.org/source-map-support/download/source-map-support-0.4.18.tgz#0286a6de8be42641338594e97ccea75f0a2c585f"
  dependencies:
    source-map "^0.5.6"

source-map@^0.5.3, source-map@^0.5.6:
  version "0.5.7"
  resolved "http://registry.npm.taobao.org/source-map/download/source-map-0.5.7.tgz#8a039d2d1021d22d1ea14c80d8ea468ba2ef3fcc"

source-map@^0.6.1:
  version "0.6.1"
  resolved "http://registry.npm.taobao.org/source-map/download/source-map-0.6.1.tgz#74722af32e9614e9c287a8d0bbde48b5e2f1a263"

sprintf-js@~1.0.2:
  version "1.0.3"
  resolved "http://registry.npm.taobao.org/sprintf-js/download/sprintf-js-1.0.3.tgz#04e6926f662895354f3dd015203633b857297e2c"

strict-uri-encode@^1.0.0:
  version "1.1.0"
  resolved "http://registry.npm.taobao.org/strict-uri-encode/download/strict-uri-encode-1.1.0.tgz#279b225df1d582b1f54e65addd4352e18faa0713"

strip-ansi@^3.0.0:
  version "3.0.1"
  resolved "http://registry.npm.taobao.org/strip-ansi/download/strip-ansi-3.0.1.tgz#6a385fb8853d952d5ff05d0e8aaf94278dc63dcf"
  dependencies:
    ansi-regex "^2.0.0"

style-loader@^0.20.1:
  version "0.20.1"
  resolved "http://registry.npm.taobao.org/style-loader/download/style-loader-0.20.1.tgz#33ac2bf4d5c65a8906bc586ad253334c246998d0"
  dependencies:
    loader-utils "^1.1.0"
    schema-utils "^0.4.3"

supports-color@^2.0.0:
  version "2.0.0"
  resolved "http://registry.npm.taobao.org/supports-color/download/supports-color-2.0.0.tgz#535d045ce6b6363fa40117084629995e9df324c7"

supports-color@^3.2.3:
  version "3.2.3"
  resolved "http://registry.npm.taobao.org/supports-color/download/supports-color-3.2.3.tgz#65ac0504b3954171d8a64946b2ae3cbb8a5f54f6"
  dependencies:
    has-flag "^1.0.0"

supports-color@^4.0.0:
  version "4.5.0"
  resolved "http://registry.npm.taobao.org/supports-color/download/supports-color-4.5.0.tgz#be7a0de484dec5c5cddf8b3d59125044912f635b"
  dependencies:
    has-flag "^2.0.0"

supports-color@^5.1.0:
  version "5.1.0"
  resolved "http://registry.npm.taobao.org/supports-color/download/supports-color-5.1.0.tgz#058a021d1b619f7ddf3980d712ea3590ce7de3d5"
  dependencies:
    has-flag "^2.0.0"

svgo@^0.7.0:
  version "0.7.2"
  resolved "http://registry.npm.taobao.org/svgo/download/svgo-0.7.2.tgz#9f5772413952135c6fefbf40afe6a4faa88b4bb5"
  dependencies:
    coa "~1.0.1"
    colors "~1.1.2"
    csso "~2.3.1"
    js-yaml "~3.7.0"
    mkdirp "~0.5.1"
    sax "~1.2.1"
    whet.extend "~0.9.9"

to-fast-properties@^1.0.3:
  version "1.0.3"
  resolved "http://registry.npm.taobao.org/to-fast-properties/download/to-fast-properties-1.0.3.tgz#b83571fa4d8c25b82e231b06e3a3055de4ca1a47"

trim-right@^1.0.1:
  version "1.0.1"
  resolved "http://registry.npm.taobao.org/trim-right/download/trim-right-1.0.1.tgz#cb2e1203067e0c8de1f614094b9fe45704ea6003"

uniq@^1.0.1:
  version "1.0.1"
  resolved "http://registry.npm.taobao.org/uniq/download/uniq-1.0.1.tgz#b31c5ae8254844a3a8281541ce2b04b865a734ff"

uniqid@^4.0.0:
  version "4.1.1"
  resolved "http://registry.npm.taobao.org/uniqid/download/uniqid-4.1.1.tgz#89220ddf6b751ae52b5f72484863528596bb84c1"
  dependencies:
    macaddress "^0.2.8"

uniqs@^2.0.0:
  version "2.0.0"
  resolved "http://registry.npm.taobao.org/uniqs/download/uniqs-2.0.0.tgz#ffede4b36b25290696e6e165d4a59edb998e6b02"

vendors@^1.0.0:
  version "1.0.1"
  resolved "http://registry.npm.taobao.org/vendors/download/vendors-1.0.1.tgz#37ad73c8ee417fb3d580e785312307d274847f22"

whet.extend@~0.9.9:
  version "0.9.9"
  resolved "http://registry.npm.taobao.org/whet.extend/download/whet.extend-0.9.9.tgz#f877d5bf648c97e5aa542fadc16d6a259b9c11a1"
